// !$*UTF8*$!
{
	archiveVersion = 1;
	classes = {
	};
	objectVersion = 46;
	objects = {

/* Begin PBXBuildFile section */
		47680DD91EE999EB0085283D /* AppDelegate.swift in Sources */ = {isa = PBXBuildFile; fileRef = 47680DD81EE999EB0085283D /* AppDelegate.swift */; };
		47680DDB1EE999EB0085283D /* ViewController.swift in Sources */ = {isa = PBXBuildFile; fileRef = 47680DDA1EE999EB0085283D /* ViewController.swift */; };
		47680DDE1EE999EB0085283D /* Main.storyboard in Resources */ = {isa = PBXBuildFile; fileRef = 47680DDC1EE999EB0085283D /* Main.storyboard */; };
		47680DE01EE999EB0085283D /* Assets.xcassets in Resources */ = {isa = PBXBuildFile; fileRef = 47680DDF1EE999EB0085283D /* Assets.xcassets */; };
		47680DE31EE999EB0085283D /* LaunchScreen.storyboard in Resources */ = {isa = PBXBuildFile; fileRef = 47680DE11EE999EB0085283D /* LaunchScreen.storyboard */; };
		47680DF61EE99F080085283D /* Result.framework in Frameworks */ = {isa = PBXBuildFile; fileRef = 47680DF51EE99F080085283D /* Result.framework */; };
		47680DF71EE99F7D0085283D /* Moya.framework in Frameworks */ = {isa = PBXBuildFile; fileRef = 47680DEA1EE99C570085283D /* Moya.framework */; };
		47680DF81EE99F930085283D /* Alamofire.framework in Frameworks */ = {isa = PBXBuildFile; fileRef = 47680DEB1EE99C570085283D /* Alamofire.framework */; };
/* End PBXBuildFile section */

/* Begin PBXFileReference section */
		47680DD51EE999EB0085283D /* MoyaCarthage.app */ = {isa = PBXFileReference; explicitFileType = wrapper.application; includeInIndex = 0; path = MoyaCarthage.app; sourceTree = BUILT_PRODUCTS_DIR; };
		47680DD81EE999EB0085283D /* AppDelegate.swift */ = {isa = PBXFileReference; lastKnownFileType = sourcecode.swift; path = AppDelegate.swift; sourceTree = "<group>"; };
		47680DDA1EE999EB0085283D /* ViewController.swift */ = {isa = PBXFileReference; lastKnownFileType = sourcecode.swift; path = ViewController.swift; sourceTree = "<group>"; };
		47680DDD1EE999EB0085283D /* Base */ = {isa = PBXFileReference; lastKnownFileType = file.storyboard; name = Base; path = Base.lproj/Main.storyboard; sourceTree = "<group>"; };
		47680DDF1EE999EB0085283D /* Assets.xcassets */ = {isa = PBXFileReference; lastKnownFileType = folder.assetcatalog; path = Assets.xcassets; sourceTree = "<group>"; };
		47680DE21EE999EB0085283D /* Base */ = {isa = PBXFileReference; lastKnownFileType = file.storyboard; name = Base; path = Base.lproj/LaunchScreen.storyboard; sourceTree = "<group>"; };
		47680DE41EE999EB0085283D /* Info.plist */ = {isa = PBXFileReference; lastKnownFileType = text.plist.xml; path = Info.plist; sourceTree = "<group>"; };
		47680DEA1EE99C570085283D /* Moya.framework */ = {isa = PBXFileReference; lastKnownFileType = wrapper.framework; name = Moya.framework; path = Carthage/Build/iOS/Moya.framework; sourceTree = "<group>"; };
		47680DEB1EE99C570085283D /* Alamofire.framework */ = {isa = PBXFileReference; lastKnownFileType = wrapper.framework; name = Alamofire.framework; path = Carthage/Build/iOS/Alamofire.framework; sourceTree = "<group>"; };
		47680DF51EE99F080085283D /* Result.framework */ = {isa = PBXFileReference; lastKnownFileType = wrapper.framework; name = Result.framework; path = Carthage/Build/iOS/Result.framework; sourceTree = "<group>"; };
/* End PBXFileReference section */

/* Begin PBXFrameworksBuildPhase section */
		47680DD21EE999EB0085283D /* Frameworks */ = {
			isa = PBXFrameworksBuildPhase;
			buildActionMask = 2147483647;
			files = (
				47680DF81EE99F930085283D /* Alamofire.framework in Frameworks */,
				47680DF71EE99F7D0085283D /* Moya.framework in Frameworks */,
				47680DF61EE99F080085283D /* Result.framework in Frameworks */,
			);
			runOnlyForDeploymentPostprocessing = 0;
		};
/* End PBXFrameworksBuildPhase section */

/* Begin PBXGroup section */
		47680DCC1EE999EB0085283D = {
			isa = PBXGroup;
			children = (
				47680DEA1EE99C570085283D /* Moya.framework */,
				47680DEB1EE99C570085283D /* Alamofire.framework */,
				47680DD71EE999EB0085283D /* MoyaCarthage */,
				47680DD61EE999EB0085283D /* Products */,
				47680DF41EE99F080085283D /* Frameworks */,
			);
			sourceTree = "<group>";
		};
		47680DD61EE999EB0085283D /* Products */ = {
			isa = PBXGroup;
			children = (
				47680DD51EE999EB0085283D /* MoyaCarthage.app */,
			);
			name = Products;
			sourceTree = "<group>";
		};
		47680DD71EE999EB0085283D /* MoyaCarthage */ = {
			isa = PBXGroup;
			children = (
				47680DD81EE999EB0085283D /* AppDelegate.swift */,
				47680DDA1EE999EB0085283D /* ViewController.swift */,
				47680DDC1EE999EB0085283D /* Main.storyboard */,
				47680DDF1EE999EB0085283D /* Assets.xcassets */,
				47680DE11EE999EB0085283D /* LaunchScreen.storyboard */,
				47680DE41EE999EB0085283D /* Info.plist */,
			);
			path = MoyaCarthage;
			sourceTree = "<group>";
		};
		47680DF41EE99F080085283D /* Frameworks */ = {
			isa = PBXGroup;
			children = (
				47680DF51EE99F080085283D /* Result.framework */,
			);
			name = Frameworks;
			sourceTree = "<group>";
		};
/* End PBXGroup section */

/* Begin PBXNativeTarget section */
		47680DD41EE999EB0085283D /* MoyaCarthage */ = {
			isa = PBXNativeTarget;
			buildConfigurationList = 47680DE71EE999EB0085283D /* Build configuration list for PBXNativeTarget "MoyaCarthage" */;
			buildPhases = (
				47680DD11EE999EB0085283D /* Sources */,
				47680DD21EE999EB0085283D /* Frameworks */,
				47680DD31EE999EB0085283D /* Resources */,
				47680DF31EE99C990085283D /* Carthage */,
			);
			buildRules = (
			);
			dependencies = (
			);
			name = MoyaCarthage;
			productName = MoyaCarthage;
			productReference = 47680DD51EE999EB0085283D /* MoyaCarthage.app */;
			productType = "com.apple.product-type.application";
		};
/* End PBXNativeTarget section */

/* Begin PBXProject section */
		47680DCD1EE999EB0085283D /* Project object */ = {
			isa = PBXProject;
			attributes = {
				LastSwiftUpdateCheck = 0830;
				LastUpgradeCheck = 0830;
				ORGANIZATIONNAME = "Pedro Vereza";
				TargetAttributes = {
					47680DD41EE999EB0085283D = {
						CreatedOnToolsVersion = 8.3.2;
						ProvisioningStyle = Automatic;
					};
				};
			};
			buildConfigurationList = 47680DD01EE999EB0085283D /* Build configuration list for PBXProject "MoyaCarthage" */;
			compatibilityVersion = "Xcode 3.2";
			developmentRegion = English;
			hasScannedForEncodings = 0;
			knownRegions = (
				en,
				Base,
			);
			mainGroup = 47680DCC1EE999EB0085283D;
			productRefGroup = 47680DD61EE999EB0085283D /* Products */;
			projectDirPath = "";
			projectRoot = "";
			targets = (
				47680DD41EE999EB0085283D /* MoyaCarthage */,
			);
		};
/* End PBXProject section */

/* Begin PBXResourcesBuildPhase section */
		47680DD31EE999EB0085283D /* Resources */ = {
			isa = PBXResourcesBuildPhase;
			buildActionMask = 2147483647;
			files = (
				47680DE31EE999EB0085283D /* LaunchScreen.storyboard in Resources */,
				47680DE01EE999EB0085283D /* Assets.xcassets in Resources */,
				47680DDE1EE999EB0085283D /* Main.storyboard in Resources */,
			);
			runOnlyForDeploymentPostprocessing = 0;
		};
/* End PBXResourcesBuildPhase section */

/* Begin PBXShellScriptBuildPhase section */
		47680DF31EE99C990085283D /* Carthage */ = {
			isa = PBXShellScriptBuildPhase;
			buildActionMask = 2147483647;
			files = (
			);
			inputPaths = (
				"$(SRCROOT)/Carthage/Build/iOS/Moya.framework",
				"$(SRCROOT)/Carthage/Build/iOS/Result.framework",
				"$(SRCROOT)/Carthage/Build/iOS/Alamofire.framework",
			);
			name = Carthage;
			outputPaths = (
			);
			runOnlyForDeploymentPostprocessing = 0;
			shellPath = /bin/sh;
			shellScript = "/usr/local/bin/carthage copy-frameworks";
		};
/* End PBXShellScriptBuildPhase section */

/* Begin PBXSourcesBuildPhase section */
		47680DD11EE999EB0085283D /* Sources */ = {
			isa = PBXSourcesBuildPhase;
			buildActionMask = 2147483647;
			files = (
				47680DDB1EE999EB0085283D /* ViewController.swift in Sources */,
				47680DD91EE999EB0085283D /* AppDelegate.swift in Sources */,
			);
			runOnlyForDeploymentPostprocessing = 0;
		};
/* End PBXSourcesBuildPhase section */

/* Begin PBXVariantGroup section */
		47680DDC1EE999EB0085283D /* Main.storyboard */ = {
			isa = PBXVariantGroup;
			children = (
				47680DDD1EE999EB0085283D /* Base */,
			);
			name = Main.storyboard;
			sourceTree = "<group>";
		};
		47680DE11EE999EB0085283D /* LaunchScreen.storyboard */ = {
			isa = PBXVariantGroup;
			children = (
				47680DE21EE999EB0085283D /* Base */,
			);
			name = LaunchScreen.storyboard;
			sourceTree = "<group>";
		};
/* End PBXVariantGroup section */

/* Begin XCBuildConfiguration section */
		47680DE51EE999EB0085283D /* Debug */ = {
			isa = XCBuildConfiguration;
			buildSettings = {
				ALWAYS_SEARCH_USER_PATHS = NO;
				CLANG_ANALYZER_NONNULL = YES;
				CLANG_ANALYZER_NUMBER_OBJECT_CONVERSION = YES_AGGRESSIVE;
				CLANG_CXX_LANGUAGE_STANDARD = "gnu++0x";
				CLANG_CXX_LIBRARY = "libc++";
				CLANG_ENABLE_MODULES = YES;
				CLANG_ENABLE_OBJC_ARC = YES;
				CLANG_WARN_BOOL_CONVERSION = YES;
				CLANG_WARN_CONSTANT_CONVERSION = YES;
				CLANG_WARN_DIRECT_OBJC_ISA_USAGE = YES_ERROR;
				CLANG_WARN_DOCUMENTATION_COMMENTS = YES;
				CLANG_WARN_EMPTY_BODY = YES;
				CLANG_WARN_ENUM_CONVERSION = YES;
				CLANG_WARN_INFINITE_RECURSION = YES;
				CLANG_WARN_INT_CONVERSION = YES;
				CLANG_WARN_OBJC_ROOT_CLASS = YES_ERROR;
				CLANG_WARN_SUSPICIOUS_MOVE = YES;
				CLANG_WARN_UNREACHABLE_CODE = YES;
				CLANG_WARN__DUPLICATE_METHOD_MATCH = YES;
				"CODE_SIGN_IDENTITY[sdk=iphoneos*]" = "iPhone Developer";
				COPY_PHASE_STRIP = NO;
				DEBUG_INFORMATION_FORMAT = dwarf;
				ENABLE_STRICT_OBJC_MSGSEND = YES;
				ENABLE_TESTABILITY = YES;
				GCC_C_LANGUAGE_STANDARD = gnu99;
				GCC_DYNAMIC_NO_PIC = NO;
				GCC_NO_COMMON_BLOCKS = YES;
				GCC_OPTIMIZATION_LEVEL = 0;
				GCC_PREPROCESSOR_DEFINITIONS = (
					"DEBUG=1",
					"$(inherited)",
				);
				GCC_WARN_64_TO_32_BIT_CONVERSION = YES;
				GCC_WARN_ABOUT_RETURN_TYPE = YES_ERROR;
				GCC_WARN_UNDECLARED_SELECTOR = YES;
				GCC_WARN_UNINITIALIZED_AUTOS = YES_AGGRESSIVE;
				GCC_WARN_UNUSED_FUNCTION = YES;
				GCC_WARN_UNUSED_VARIABLE = YES;
				IPHONEOS_DEPLOYMENT_TARGET = 10.3;
				MTL_ENABLE_DEBUG_INFO = YES;
				ONLY_ACTIVE_ARCH = YES;
				SDKROOT = iphoneos;
				SWIFT_ACTIVE_COMPILATION_CONDITIONS = DEBUG;
				SWIFT_OPTIMIZATION_LEVEL = "-Onone";
			};
			name = Debug;
		};
		47680DE61EE999EB0085283D /* Release */ = {
			isa = XCBuildConfiguration;
			buildSettings = {
				ALWAYS_SEARCH_USER_PATHS = NO;
				CLANG_ANALYZER_NONNULL = YES;
				CLANG_ANALYZER_NUMBER_OBJECT_CONVERSION = YES_AGGRESSIVE;
				CLANG_CXX_LANGUAGE_STANDARD = "gnu++0x";
				CLANG_CXX_LIBRARY = "libc++";
				CLANG_ENABLE_MODULES = YES;
				CLANG_ENABLE_OBJC_ARC = YES;
				CLANG_WARN_BOOL_CONVERSION = YES;
				CLANG_WARN_CONSTANT_CONVERSION = YES;
				CLANG_WARN_DIRECT_OBJC_ISA_USAGE = YES_ERROR;
				CLANG_WARN_DOCUMENTATION_COMMENTS = YES;
				CLANG_WARN_EMPTY_BODY = YES;
				CLANG_WARN_ENUM_CONVERSION = YES;
				CLANG_WARN_INFINITE_RECURSION = YES;
				CLANG_WARN_INT_CONVERSION = YES;
				CLANG_WARN_OBJC_ROOT_CLASS = YES_ERROR;
				CLANG_WARN_SUSPICIOUS_MOVE = YES;
				CLANG_WARN_UNREACHABLE_CODE = YES;
				CLANG_WARN__DUPLICATE_METHOD_MATCH = YES;
				"CODE_SIGN_IDENTITY[sdk=iphoneos*]" = "iPhone Developer";
				COPY_PHASE_STRIP = NO;
				DEBUG_INFORMATION_FORMAT = "dwarf-with-dsym";
				ENABLE_NS_ASSERTIONS = NO;
				ENABLE_STRICT_OBJC_MSGSEND = YES;
				GCC_C_LANGUAGE_STANDARD = gnu99;
				GCC_NO_COMMON_BLOCKS = YES;
				GCC_WARN_64_TO_32_BIT_CONVERSION = YES;
				GCC_WARN_ABOUT_RETURN_TYPE = YES_ERROR;
				GCC_WARN_UNDECLARED_SELECTOR = YES;
				GCC_WARN_UNINITIALIZED_AUTOS = YES_AGGRESSIVE;
				GCC_WARN_UNUSED_FUNCTION = YES;
				GCC_WARN_UNUSED_VARIABLE = YES;
				IPHONEOS_DEPLOYMENT_TARGET = 10.3;
				MTL_ENABLE_DEBUG_INFO = NO;
				SDKROOT = iphoneos;
				SWIFT_OPTIMIZATION_LEVEL = "-Owholemodule";
				VALIDATE_PRODUCT = YES;
			};
			name = Release;
		};
		47680DE81EE999EB0085283D /* Debug */ = {
			isa = XCBuildConfiguration;
			buildSettings = {
				ASSETCATALOG_COMPILER_APPICON_NAME = AppIcon;
				FRAMEWORK_SEARCH_PATHS = (
					"$(inherited)",
					"$(PROJECT_DIR)/Carthage/Build/iOS",
				);
				INFOPLIST_FILE = MoyaCarthage/Info.plist;
				LD_RUNPATH_SEARCH_PATHS = "$(inherited) @executable_path/Frameworks";
				PRODUCT_BUNDLE_IDENTIFIER = me.pedrovereza.MoyaCarthage;
				PRODUCT_NAME = "$(TARGET_NAME)";
				SWIFT_VERSION = 3.0;
			};
			name = Debug;
		};
		47680DE91EE999EB0085283D /* Release */ = {
			isa = XCBuildConfiguration;
			buildSettings = {
				ASSETCATALOG_COMPILER_APPICON_NAME = AppIcon;
				FRAMEWORK_SEARCH_PATHS = (
					"$(inherited)",
					"$(PROJECT_DIR)/Carthage/Build/iOS",
				);
				INFOPLIST_FILE = MoyaCarthage/Info.plist;
				LD_RUNPATH_SEARCH_PATHS = "$(inherited) @executable_path/Frameworks";
				PRODUCT_BUNDLE_IDENTIFIER = me.pedrovereza.MoyaCarthage;
				PRODUCT_NAME = "$(TARGET_NAME)";
				SWIFT_VERSION = 3.0;
			};
			name = Release;
		};
/* End XCBuildConfiguration section */

/* Begin XCConfigurationList section */
		47680DD01EE999EB0085283D /* Build configuration list for PBXProject "MoyaCarthage" */ = {
			isa = XCConfigurationList;
			buildConfigurations = (
				47680DE51EE999EB0085283D /* Debug */,
				47680DE61EE999EB0085283D /* Release */,
			);
			defaultConfigurationIsVisible = 0;
			defaultConfigurationName = Release;
		};
		47680DE71EE999EB0085283D /* Build configuration list for PBXNativeTarget "MoyaCarthage" */ = {
			isa = XCConfigurationList;
			buildConfigurations = (
				47680DE81EE999EB0085283D /* Debug */,
				47680DE91EE999EB0085283D /* Release */,
			);
			defaultConfigurationIsVisible = 0;
		};
/* End XCConfigurationList section */
	};
	rootObject = 47680DCD1EE999EB0085283D /* Project object */;
}
